
Microsoft Visual Studio Solution File, Format Version 12.00
# Visual Studio Version 17
VisualStudioVersion = 17.0.31903.59
MinimumVisualStudioVersion = 10.0.40219.1
Project("{FAE04EC0-301F-11D3-BF4B-00C04F79EFBC}") = "Dima.Core", "Dima.Core\Dima.Core.csproj", "{1683E1D0-18FC-48D6-8F13-4663689DD1B8}"
EndProject
Project("{FAE04EC0-301F-11D3-BF4B-00C04F79EFBC}") = "Dima.Api", "Dima.Api\Dima.Api.csproj", "{4A1315CF-41F1-431B-8960-CE1738819F91}"
EndProject
Project("{FAE04EC0-301F-11D3-BF4B-00C04F79EFBC}") = "Dima.Web", "Dima.Web\Dima.Web.csproj", "{EEEB06DB-C5A2-4112-AC45-A59203E5B8C5}"
EndProject
Global
	GlobalSection(SolutionConfigurationPlatforms) = preSolution
		Debug|Any CPU = Debug|Any CPU
		Release|Any CPU = Release|Any CPU
	EndGlobalSection
	GlobalSection(SolutionProperties) = preSolution
		HideSolutionNode = FALSE
	EndGlobalSection
	GlobalSection(ProjectConfigurationPlatforms) = postSolution
		{1683E1D0-18FC-48D6-8F13-4663689DD1B8}.Debug|Any CPU.ActiveCfg = Debug|Any CPU
		{1683E1D0-18FC-48D6-8F13-4663689DD1B8}.Debug|Any CPU.Build.0 = Debug|Any CPU
		{1683E1D0-18FC-48D6-8F13-4663689DD1B8}.Release|Any CPU.ActiveCfg = Release|Any CPU
		{1683E1D0-18FC-48D6-8F13-4663689DD1B8}.Release|Any CPU.Build.0 = Release|Any CPU
		{4A1315CF-41F1-431B-8960-CE1738819F91}.Debug|Any CPU.ActiveCfg = Debug|Any CPU
		{4A1315CF-41F1-431B-8960-CE1738819F91}.Debug|Any CPU.Build.0 = Debug|Any CPU
		{4A1315CF-41F1-431B-8960-CE1738819F91}.Release|Any CPU.ActiveCfg = Release|Any CPU
		{4A1315CF-41F1-431B-8960-CE1738819F91}.Release|Any CPU.Build.0 = Release|Any CPU
		{EEEB06DB-C5A2-4112-AC45-A59203E5B8C5}.Debug|Any CPU.ActiveCfg = Debug|Any CPU
		{EEEB06DB-C5A2-4112-AC45-A59203E5B8C5}.Debug|Any CPU.Build.0 = Debug|Any CPU
		{EEEB06DB-C5A2-4112-AC45-A59203E5B8C5}.Release|Any CPU.ActiveCfg = Release|Any CPU
		{EEEB06DB-C5A2-4112-AC45-A59203E5B8C5}.Release|Any CPU.Build.0 = Release|Any CPU
	EndGlobalSection
EndGlobal
